
Microsoft Visual Studio Solution File, Format Version 12.00
# Visual Studio Version 17
VisualStudioVersion = 17.2.32526.322
MinimumVisualStudioVersion = 10.0.40219.1
Project("{9A19103F-16F7-4668-BE54-9A1E7A4F7556}") = "PlainlyIpcChatDemo", "PlainlyIpcChatDemo\PlainlyIpcChatDemo.csproj", "{6A31ADE6-4B8A-4EF1-ABCD-09AE910D0BC1}"
EndProject
Project("{9A19103F-16F7-4668-BE54-9A1E7A4F7556}") = "PlainlyIpc", "PlainlyIpc\PlainlyIpc.csproj", "{18FF7E9B-7805-4962-8686-ACCFE57BE31F}"
EndProject
Project("{9A19103F-16F7-4668-BE54-9A1E7A4F7556}") = "PlainlyIpcTests", "PlainlyIpcTests\PlainlyIpcTests.csproj", "{154F32F4-946B-4964-A760-4FDE9563A592}"
EndProject
Project("{2150E333-8FDC-42A3-9474-1A3956D46DE8}") = "Solution Items", "Solution Items", "{36AC3EBE-46EE-46CB-B2BE-54221CBC86DF}"
	ProjectSection(SolutionItems) = preProject
		.editorconfig = .editorconfig
	EndProjectSection
EndProject
Global
	GlobalSection(SolutionConfigurationPlatforms) = preSolution
		Debug|Any CPU = Debug|Any CPU
		Release|Any CPU = Release|Any CPU
	EndGlobalSection
	GlobalSection(ProjectConfigurationPlatforms) = postSolution
		{6A31ADE6-4B8A-4EF1-ABCD-09AE910D0BC1}.Debug|Any CPU.ActiveCfg = Debug|Any CPU
		{6A31ADE6-4B8A-4EF1-ABCD-09AE910D0BC1}.Debug|Any CPU.Build.0 = Debug|Any CPU
		{6A31ADE6-4B8A-4EF1-ABCD-09AE910D0BC1}.Release|Any CPU.ActiveCfg = Release|Any CPU
		{6A31ADE6-4B8A-4EF1-ABCD-09AE910D0BC1}.Release|Any CPU.Build.0 = Release|Any CPU
		{18FF7E9B-7805-4962-8686-ACCFE57BE31F}.Debug|Any CPU.ActiveCfg = Debug|Any CPU
		{18FF7E9B-7805-4962-8686-ACCFE57BE31F}.Debug|Any CPU.Build.0 = Debug|Any CPU
		{18FF7E9B-7805-4962-8686-ACCFE57BE31F}.Release|Any CPU.ActiveCfg = Release|Any CPU
		{18FF7E9B-7805-4962-8686-ACCFE57BE31F}.Release|Any CPU.Build.0 = Release|Any CPU
		{154F32F4-946B-4964-A760-4FDE9563A592}.Debug|Any CPU.ActiveCfg = Debug|Any CPU
		{154F32F4-946B-4964-A760-4FDE9563A592}.Debug|Any CPU.Build.0 = Debug|Any CPU
		{154F32F4-946B-4964-A760-4FDE9563A592}.Release|Any CPU.ActiveCfg = Release|Any CPU
		{154F32F4-946B-4964-A760-4FDE9563A592}.Release|Any CPU.Build.0 = Release|Any CPU
	EndGlobalSection
	GlobalSection(SolutionProperties) = preSolution
		HideSolutionNode = FALSE
	EndGlobalSection
	GlobalSection(ExtensibilityGlobals) = postSolution
		SolutionGuid = {5EBE3626-D851-44CD-8C3B-D828704DFFAB}
	EndGlobalSection
EndGlobal
